
Microsoft Visual Studio Solution File, Format Version 12.00
# Visual Studio 15
VisualStudioVersion = 15.0.28307.779
MinimumVisualStudioVersion = 10.0.40219.1
Project("{FAE04EC0-301F-11D3-BF4B-00C04F79EFBC}") = "RecortaImagenes", "RecortaImagenes\RecortaImagenes.csproj", "{01CC054A-52E0-4B6C-B40D-030169990D8F}"
EndProject
Project("{FAE04EC0-301F-11D3-BF4B-00C04F79EFBC}") = "WpFVersion", "WpFVersion\WpFVersion.csproj", "{ACF8A2B1-8725-469E-8A86-34EF6A33DF4A}"
EndProject
Global
	GlobalSection(SolutionConfigurationPlatforms) = preSolution
		Debug|Any CPU = Debug|Any CPU
		Release|Any CPU = Release|Any CPU
	EndGlobalSection
	GlobalSection(ProjectConfigurationPlatforms) = postSolution
		{01CC054A-52E0-4B6C-B40D-030169990D8F}.Debug|Any CPU.ActiveCfg = Debug|Any CPU
		{01CC054A-52E0-4B6C-B40D-030169990D8F}.Debug|Any CPU.Build.0 = Debug|Any CPU
		{01CC054A-52E0-4B6C-B40D-030169990D8F}.Release|Any CPU.ActiveCfg = Release|Any CPU
		{01CC054A-52E0-4B6C-B40D-030169990D8F}.Release|Any CPU.Build.0 = Release|Any CPU
		{ACF8A2B1-8725-469E-8A86-34EF6A33DF4A}.Debug|Any CPU.ActiveCfg = Debug|Any CPU
		{ACF8A2B1-8725-469E-8A86-34EF6A33DF4A}.Debug|Any CPU.Build.0 = Debug|Any CPU
		{ACF8A2B1-8725-469E-8A86-34EF6A33DF4A}.Release|Any CPU.ActiveCfg = Release|Any CPU
		{ACF8A2B1-8725-469E-8A86-34EF6A33DF4A}.Release|Any CPU.Build.0 = Release|Any CPU
	EndGlobalSection
	GlobalSection(SolutionProperties) = preSolution
		HideSolutionNode = FALSE
	EndGlobalSection
	GlobalSection(ExtensibilityGlobals) = postSolution
		SolutionGuid = {BB5E8DD1-A83C-4017-9E87-93A08A825FD7}
	EndGlobalSection
EndGlobal
